<?xml version="1.0" encoding="utf-8"?>
<Project ToolsVersion="4.0" xmlns="http://schemas.microsoft.com/developer/msbuild/2003">
  <ItemGroup>
    <Filter Include="src">
      <UniqueIdentifier>{7b252d77-4ba6-4662-b36f-0b91b5951bfb}</UniqueIdentifier>
    </Filter>
    <Filter Include="base">
      <UniqueIdentifier>{03a6b272-898d-437d-bca9-f39522d610c1}</UniqueIdentifier>
    </Filter>
  </ItemGroup>
  <ItemGroup>
    <ClCompile Include="src\shader.cpp">
      <Filter>src</Filter>
    </ClCompile>
    <ClCompile Include="src\test_shader.cpp">
      <Filter>src</Filter>
    </ClCompile>
    <ClCompile Include="..\ThirdParty\glad\src\glad.c">
      <Filter>base</Filter>
    </ClCompile>
  </ItemGroup>
  <ItemGroup>
    <None Include="src\shader.fs">
      <Filter>src</Filter>
    </None>
    <None Include="src\shader.vs">
      <Filter>src</Filter>
    </None>
  </ItemGroup>
  <ItemGroup>
    <ClInclude Include="src\shader.h">
      <Filter>src</Filter>
    </ClInclude>
  </ItemGroup>
</Project>